PODS:
  - LocationKitProject (0.1.0)

DEPENDENCIES:
  - LocationKitProject (from `../`)

EXTERNAL SOURCES:
  LocationKitProject:
    :path: "../"

SPEC CHECKSUMS:
  LocationKitProject: 583dbf0d5d6a6f7b2a7e68f30e0f726c51d31c3a

PODFILE CHECKSUM: 647f0fa1d5a2062fbdf664b0a1fe307ebf8e0465

COCOAPODS: 1.16.2
