PODS:
  - LocationKitProject (0.1.0)

DEPENDENCIES:
  - LocationKitProject (from `../`)

EXTERNAL SOURCES:
  LocationKitProject:
    :path: "../"

SPEC CHECKSUMS:
  LocationKitProject: 62aca097b0536e67f85488f13bbf2190b15bae28

PODFILE CHECKSUM: 647f0fa1d5a2062fbdf664b0a1fe307ebf8e0465

COCOAPODS: 1.16.2
